
Microsoft Visual Studio Solution File, Format Version 12.00
# Visual Studio 15
VisualStudioVersion = 15.0.28307.271
MinimumVisualStudioVersion = 10.0.40219.1
Project("{FAE04EC0-301F-11D3-BF4B-00C04F79EFBC}") = "BurgerBuilder.WebApi", "BurgerBuilder.WebApi.csproj", "{8874FA59-6A92-4AD8-9789-F9E681C82BE4}"
EndProject
Global
	GlobalSection(SolutionConfigurationPlatforms) = preSolution
		Debug|Any CPU = Debug|Any CPU
		Release|Any CPU = Release|Any CPU
	EndGlobalSection
	GlobalSection(ProjectConfigurationPlatforms) = postSolution
		{8874FA59-6A92-4AD8-9789-F9E681C82BE4}.Debug|Any CPU.ActiveCfg = Debug|Any CPU
		{8874FA59-6A92-4AD8-9789-F9E681C82BE4}.Debug|Any CPU.Build.0 = Debug|Any CPU
		{8874FA59-6A92-4AD8-9789-F9E681C82BE4}.Release|Any CPU.ActiveCfg = Release|Any CPU
		{8874FA59-6A92-4AD8-9789-F9E681C82BE4}.Release|Any CPU.Build.0 = Release|Any CPU
	EndGlobalSection
	GlobalSection(SolutionProperties) = preSolution
		HideSolutionNode = FALSE
	EndGlobalSection
	GlobalSection(ExtensibilityGlobals) = postSolution
		SolutionGuid = {5B242D51-D99D-43FC-9999-061DCAB6CAAF}
	EndGlobalSection
EndGlobal
